// !$*UTF8*$!
{
	archiveVersion = 1;
	classes = {
	};
	objectVersion = 50;
	objects = {

/* Begin PBXBuildFile section */
		FEA3ECA9265FED9F0028F86D /* main.swift in Sources */ = {isa = PBXBuildFile; fileRef = FEA3ECA8265FED9F0028F86D /* main.swift */; };
		FEA3ECB526602AB10028F86D /* ApplicationDirectory.swift in Sources */ = {isa = PBXBuildFile; fileRef = FEA3ECB426602AB10028F86D /* ApplicationDirectory.swift */; };
		FEA3ECB82660401D0028F86D /* ApplicationMetadata.swift in Sources */ = {isa = PBXBuildFile; fileRef = FEA3ECB72660401D0028F86D /* ApplicationMetadata.swift */; };
/* End PBXBuildFile section */

/* Begin PBXCopyFilesBuildPhase section */
		FEA3ECA3265FED9F0028F86D /* CopyFiles */ = {
			isa = PBXCopyFilesBuildPhase;
			buildActionMask = 2147483647;
			dstPath = /usr/share/man/man1/;
			dstSubfolderSpec = 0;
			files = (
			);
			runOnlyForDeploymentPostprocessing = 1;
		};
/* End PBXCopyFilesBuildPhase section */

/* Begin PBXFileReference section */
		FEA3ECA5265FED9F0028F86D /* findSupportedApps */ = {isa = PBXFileReference; explicitFileType = "compiled.mach-o.executable"; includeInIndex = 0; path = findSupportedApps; sourceTree = BUILT_PRODUCTS_DIR; };
		FEA3ECA8265FED9F0028F86D /* main.swift */ = {isa = PBXFileReference; lastKnownFileType = sourcecode.swift; path = main.swift; sourceTree = "<group>"; };
		FEA3ECB426602AB10028F86D /* ApplicationDirectory.swift */ = {isa = PBXFileReference; lastKnownFileType = sourcecode.swift; path = ApplicationDirectory.swift; sourceTree = "<group>"; };
		FEA3ECB72660401D0028F86D /* ApplicationMetadata.swift */ = {isa = PBXFileReference; lastKnownFileType = sourcecode.swift; path = ApplicationMetadata.swift; sourceTree = "<group>"; };
/* End PBXFileReference section */

/* Begin PBXFrameworksBuildPhase section */
		FEA3ECA2265FED9F0028F86D /* Frameworks */ = {
			isa = PBXFrameworksBuildPhase;
			buildActionMask = 2147483647;
			files = (
			);
			runOnlyForDeploymentPostprocessing = 0;
		};
/* End PBXFrameworksBuildPhase section */

/* Begin PBXGroup section */
		FEA3EC9C265FED9F0028F86D = {
			isa = PBXGroup;
			children = (
				FEA3ECA7265FED9F0028F86D /* findSupportedApps */,
				FEA3ECA6265FED9F0028F86D /* Products */,
			);
			sourceTree = "<group>";
		};
		FEA3ECA6265FED9F0028F86D /* Products */ = {
			isa = PBXGroup;
			children = (
				FEA3ECA5265FED9F0028F86D /* findSupportedApps */,
			);
			name = Products;
			sourceTree = "<group>";
		};
		FEA3ECA7265FED9F0028F86D /* findSupportedApps */ = {
			isa = PBXGroup;
			children = (
				FEA3ECA8265FED9F0028F86D /* main.swift */,
				FEA3ECB426602AB10028F86D /* ApplicationDirectory.swift */,
				FEA3ECB72660401D0028F86D /* ApplicationMetadata.swift */,
			);
			path = findSupportedApps;
			sourceTree = "<group>";
		};
/* End PBXGroup section */

/* Begin PBXNativeTarget section */
		FEA3ECA4265FED9F0028F86D /* findSupportedApps */ = {
			isa = PBXNativeTarget;
			buildConfigurationList = FEA3ECAC265FED9F0028F86D /* Build configuration list for PBXNativeTarget "findSupportedApps" */;
			buildPhases = (
				FEA3ECA1265FED9F0028F86D /* Sources */,
				FEA3ECA2265FED9F0028F86D /* Frameworks */,
				FEA3ECA3265FED9F0028F86D /* CopyFiles */,
			);
			buildRules = (
			);
			dependencies = (
			);
			name = findSupportedApps;
			packageProductDependencies = (
			);
			productName = findSupportedApps;
			productReference = FEA3ECA5265FED9F0028F86D /* findSupportedApps */;
			productType = "com.apple.product-type.tool";
		};
/* End PBXNativeTarget section */

/* Begin PBXProject section */
		FEA3EC9D265FED9F0028F86D /* Project object */ = {
			isa = PBXProject;
			attributes = {
				LastSwiftUpdateCheck = 1240;
				LastUpgradeCheck = 1240;
				TargetAttributes = {
					FEA3ECA4265FED9F0028F86D = {
						CreatedOnToolsVersion = 12.4;
					};
				};
			};
			buildConfigurationList = FEA3ECA0265FED9F0028F86D /* Build configuration list for PBXProject "findSupportedApps" */;
			compatibilityVersion = "Xcode 9.3";
			developmentRegion = en;
			hasScannedForEncodings = 0;
			knownRegions = (
				en,
				Base,
			);
			mainGroup = FEA3EC9C265FED9F0028F86D;
			packageReferences = (
			);
			productRefGroup = FEA3ECA6265FED9F0028F86D /* Products */;
			projectDirPath = "";
			projectRoot = "";
			targets = (
				FEA3ECA4265FED9F0028F86D /* findSupportedApps */,
			);
		};
/* End PBXProject section */

/* Begin PBXSourcesBuildPhase section */
		FEA3ECA1265FED9F0028F86D /* Sources */ = {
			isa = PBXSourcesBuildPhase;
			buildActionMask = 2147483647;
			files = (
				FEA3ECB526602AB10028F86D /* ApplicationDirectory.swift in Sources */,
				FEA3ECB82660401D0028F86D /* ApplicationMetadata.swift in Sources */,
				FEA3ECA9265FED9F0028F86D /* main.swift in Sources */,
			);
			runOnlyForDeploymentPostprocessing = 0;
		};
/* End PBXSourcesBuildPhase section */

/* Begin XCBuildConfiguration section */
		FEA3ECAA265FED9F0028F86D /* Debug */ = {
			isa = XCBuildConfiguration;
			buildSettings = {
				ALWAYS_SEARCH_USER_PATHS = NO;
				CLANG_ANALYZER_NONNULL = YES;
				CLANG_ANALYZER_NUMBER_OBJECT_CONVERSION = YES_AGGRESSIVE;
				CLANG_CXX_LANGUAGE_STANDARD = "gnu++14";
				CLANG_CXX_LIBRARY = "libc++";
				CLANG_ENABLE_MODULES = YES;
				CLANG_ENABLE_OBJC_ARC = YES;
				CLANG_ENABLE_OBJC_WEAK = YES;
				CLANG_WARN_BLOCK_CAPTURE_AUTORELEASING = YES;
				CLANG_WARN_BOOL_CONVERSION = YES;
				CLANG_WARN_COMMA = YES;
				CLANG_WARN_CONSTANT_CONVERSION = YES;
				CLANG_WARN_DEPRECATED_OBJC_IMPLEMENTATIONS = YES;
				CLANG_WARN_DIRECT_OBJC_ISA_USAGE = YES_ERROR;
				CLANG_WARN_DOCUMENTATION_COMMENTS = YES;
				CLANG_WARN_EMPTY_BODY = YES;
				CLANG_WARN_ENUM_CONVERSION = YES;
				CLANG_WARN_INFINITE_RECURSION = YES;
				CLANG_WARN_INT_CONVERSION = YES;
				CLANG_WARN_NON_LITERAL_NULL_CONVERSION = YES;
				CLANG_WARN_OBJC_IMPLICIT_RETAIN_SELF = YES;
				CLANG_WARN_OBJC_LITERAL_CONVERSION = YES;
				CLANG_WARN_OBJC_ROOT_CLASS = YES_ERROR;
				CLANG_WARN_QUOTED_INCLUDE_IN_FRAMEWORK_HEADER = YES;
				CLANG_WARN_RANGE_LOOP_ANALYSIS = YES;
				CLANG_WARN_STRICT_PROTOTYPES = YES;
				CLANG_WARN_SUSPICIOUS_MOVE = YES;
				CLANG_WARN_UNGUARDED_AVAILABILITY = YES_AGGRESSIVE;
				CLANG_WARN_UNREACHABLE_CODE = YES;
				CLANG_WARN__DUPLICATE_METHOD_MATCH = YES;
				COPY_PHASE_STRIP = NO;
				DEBUG_INFORMATION_FORMAT = dwarf;
				ENABLE_STRICT_OBJC_MSGSEND = YES;
				ENABLE_TESTABILITY = YES;
				GCC_C_LANGUAGE_STANDARD = gnu11;
				GCC_DYNAMIC_NO_PIC = NO;
				GCC_NO_COMMON_BLOCKS = YES;
				GCC_OPTIMIZATION_LEVEL = 0;
				GCC_PREPROCESSOR_DEFINITIONS = (
					"DEBUG=1",
					"$(inherited)",
				);
				GCC_WARN_64_TO_32_BIT_CONVERSION = YES;
				GCC_WARN_ABOUT_RETURN_TYPE = YES_ERROR;
				GCC_WARN_UNDECLARED_SELECTOR = YES;
				GCC_WARN_UNINITIALIZED_AUTOS = YES_AGGRESSIVE;
				GCC_WARN_UNUSED_FUNCTION = YES;
				GCC_WARN_UNUSED_VARIABLE = YES;
				MACOSX_DEPLOYMENT_TARGET = 11.1;
				MTL_ENABLE_DEBUG_INFO = INCLUDE_SOURCE;
				MTL_FAST_MATH = YES;
				ONLY_ACTIVE_ARCH = YES;
				SDKROOT = macosx;
				SWIFT_ACTIVE_COMPILATION_CONDITIONS = DEBUG;
				SWIFT_OPTIMIZATION_LEVEL = "-Onone";
			};
			name = Debug;
		};
		FEA3ECAB265FED9F0028F86D /* Release */ = {
			isa = XCBuildConfiguration;
			buildSettings = {
				ALWAYS_SEARCH_USER_PATHS = NO;
				CLANG_ANALYZER_NONNULL = YES;
				CLANG_ANALYZER_NUMBER_OBJECT_CONVERSION = YES_AGGRESSIVE;
				CLANG_CXX_LANGUAGE_STANDARD = "gnu++14";
				CLANG_CXX_LIBRARY = "libc++";
				CLANG_ENABLE_MODULES = YES;
				CLANG_ENABLE_OBJC_ARC = YES;
				CLANG_ENABLE_OBJC_WEAK = YES;
				CLANG_WARN_BLOCK_CAPTURE_AUTORELEASING = YES;
				CLANG_WARN_BOOL_CONVERSION = YES;
				CLANG_WARN_COMMA = YES;
				CLANG_WARN_CONSTANT_CONVERSION = YES;
				CLANG_WARN_DEPRECATED_OBJC_IMPLEMENTATIONS = YES;
				CLANG_WARN_DIRECT_OBJC_ISA_USAGE = YES_ERROR;
				CLANG_WARN_DOCUMENTATION_COMMENTS = YES;
				CLANG_WARN_EMPTY_BODY = YES;
				CLANG_WARN_ENUM_CONVERSION = YES;
				CLANG_WARN_INFINITE_RECURSION = YES;
				CLANG_WARN_INT_CONVERSION = YES;
				CLANG_WARN_NON_LITERAL_NULL_CONVERSION = YES;
				CLANG_WARN_OBJC_IMPLICIT_RETAIN_SELF = YES;
				CLANG_WARN_OBJC_LITERAL_CONVERSION = YES;
				CLANG_WARN_OBJC_ROOT_CLASS = YES_ERROR;
				CLANG_WARN_QUOTED_INCLUDE_IN_FRAMEWORK_HEADER = YES;
				CLANG_WARN_RANGE_LOOP_ANALYSIS = YES;
				CLANG_WARN_STRICT_PROTOTYPES = YES;
				CLANG_WARN_SUSPICIOUS_MOVE = YES;
				CLANG_WARN_UNGUARDED_AVAILABILITY = YES_AGGRESSIVE;
				CLANG_WARN_UNREACHABLE_CODE = YES;
				CLANG_WARN__DUPLICATE_METHOD_MATCH = YES;
				COPY_PHASE_STRIP = NO;
				DEBUG_INFORMATION_FORMAT = "dwarf-with-dsym";
				ENABLE_NS_ASSERTIONS = NO;
				ENABLE_STRICT_OBJC_MSGSEND = YES;
				GCC_C_LANGUAGE_STANDARD = gnu11;
				GCC_NO_COMMON_BLOCKS = YES;
				GCC_WARN_64_TO_32_BIT_CONVERSION = YES;
				GCC_WARN_ABOUT_RETURN_TYPE = YES_ERROR;
				GCC_WARN_UNDECLARED_SELECTOR = YES;
				GCC_WARN_UNINITIALIZED_AUTOS = YES_AGGRESSIVE;
				GCC_WARN_UNUSED_FUNCTION = YES;
				GCC_WARN_UNUSED_VARIABLE = YES;
				MACOSX_DEPLOYMENT_TARGET = 11.1;
				MTL_ENABLE_DEBUG_INFO = NO;
				MTL_FAST_MATH = YES;
				SDKROOT = macosx;
				SWIFT_COMPILATION_MODE = wholemodule;
				SWIFT_OPTIMIZATION_LEVEL = "-O";
			};
			name = Release;
		};
		FEA3ECAD265FED9F0028F86D /* Debug */ = {
			isa = XCBuildConfiguration;
			buildSettings = {
				CODE_SIGN_STYLE = Automatic;
				DEVELOPMENT_TEAM = 5VTPN8F968;
				ENABLE_HARDENED_RUNTIME = YES;
				PRODUCT_NAME = "$(TARGET_NAME)";
				SWIFT_VERSION = 5.0;
			};
			name = Debug;
		};
		FEA3ECAE265FED9F0028F86D /* Release */ = {
			isa = XCBuildConfiguration;
			buildSettings = {
				CODE_SIGN_STYLE = Automatic;
				DEVELOPMENT_TEAM = 5VTPN8F968;
				ENABLE_HARDENED_RUNTIME = YES;
				PRODUCT_NAME = "$(TARGET_NAME)";
				SWIFT_VERSION = 5.0;
			};
			name = Release;
		};
/* End XCBuildConfiguration section */

/* Begin XCConfigurationList section */
		FEA3ECA0265FED9F0028F86D /* Build configuration list for PBXProject "findSupportedApps" */ = {
			isa = XCConfigurationList;
			buildConfigurations = (
				FEA3ECAA265FED9F0028F86D /* Debug */,
				FEA3ECAB265FED9F0028F86D /* Release */,
			);
			defaultConfigurationIsVisible = 0;
			defaultConfigurationName = Release;
		};
		FEA3ECAC265FED9F0028F86D /* Build configuration list for PBXNativeTarget "findSupportedApps" */ = {
			isa = XCConfigurationList;
			buildConfigurations = (
				FEA3ECAD265FED9F0028F86D /* Debug */,
				FEA3ECAE265FED9F0028F86D /* Release */,
			);
			defaultConfigurationIsVisible = 0;
			defaultConfigurationName = Release;
		};
/* End XCConfigurationList section */
	};
	rootObject = FEA3EC9D265FED9F0028F86D /* Project object */;
}
